PODS:
  - Flutter (1.0.0)
  - flutter_embed_unity_2022_3_ios (0.0.1):
    - Flutter

DEPENDENCIES:
  - Flutter (from `Flutter`)
  - flutter_embed_unity_2022_3_ios (from `.symlinks/plugins/flutter_embed_unity_2022_3_ios/ios`)

EXTERNAL SOURCES:
  Flutter:
    :path: Flutter
  flutter_embed_unity_2022_3_ios:
    :path: ".symlinks/plugins/flutter_embed_unity_2022_3_ios/ios"

SPEC CHECKSUMS:
  Flutter: f04841e97a9d0b0a8025694d0796dd46242b2854
  flutter_embed_unity_2022_3_ios: f3e973dfc7288e9fd60c884822456e47ba527cf7

PODFILE CHECKSUM: 7be2f5f74864d463a8ad433546ed1de7e0f29aef

COCOAPODS: 1.14.3
